// !$*UTF8*$!
{
	archiveVersion = 1;
	classes = {
	};
	objectVersion = 56;
	objects = {

/* Begin PBXBuildFile section */
		A06373182B8CA64B00F845CE /* SearchSheet.swift in Sources */ = {isa = PBXBuildFile; fileRef = A06373172B8CA64B00F845CE /* SearchSheet.swift */; };
		A068A12D2B8E561500120106 /* SongView.swift in Sources */ = {isa = PBXBuildFile; fileRef = A068A12C2B8E561500120106 /* SongView.swift */; };
		A068A1362B8E71DF00120106 /* MusicScreen.swift in Sources */ = {isa = PBXBuildFile; fileRef = A068A1352B8E71DF00120106 /* MusicScreen.swift */; };
		A078D7FC2B8B599300AAE518 /* Search.swift in Sources */ = {isa = PBXBuildFile; fileRef = A078D7FB2B8B599300AAE518 /* Search.swift */; };
		A078D7FE2B8B5AD500AAE518 /* Home.swift in Sources */ = {isa = PBXBuildFile; fileRef = A078D7FD2B8B5AD500AAE518 /* Home.swift */; };
		A078D8002B8B5ADF00AAE518 /* Libary.swift in Sources */ = {isa = PBXBuildFile; fileRef = A078D7FF2B8B5ADF00AAE518 /* Libary.swift */; };
		A078D8052B8B5D7100AAE518 /* RecentlyPlayed.swift in Sources */ = {isa = PBXBuildFile; fileRef = A078D8042B8B5D7100AAE518 /* RecentlyPlayed.swift */; };
		A078D8072B8B5D9600AAE518 /* PopularRadios.swift in Sources */ = {isa = PBXBuildFile; fileRef = A078D8062B8B5D9600AAE518 /* PopularRadios.swift */; };
		A078D8092B8B5DB200AAE518 /* ForFansOf.swift in Sources */ = {isa = PBXBuildFile; fileRef = A078D8082B8B5DB200AAE518 /* ForFansOf.swift */; };
		A0844C352B8BB83D00C29FA3 /* Music.swift in Sources */ = {isa = PBXBuildFile; fileRef = A0844C342B8BB83D00C29FA3 /* Music.swift */; };
		A0844C372B8BB92C00C29FA3 /* Podcasts.swift in Sources */ = {isa = PBXBuildFile; fileRef = A0844C362B8BB92C00C29FA3 /* Podcasts.swift */; };
		A0DFEAE02B8A048B0081183B /* SpotifyCloneApp.swift in Sources */ = {isa = PBXBuildFile; fileRef = A0DFEADF2B8A048B0081183B /* SpotifyCloneApp.swift */; };
		A0DFEAE22B8A048B0081183B /* ContentView.swift in Sources */ = {isa = PBXBuildFile; fileRef = A0DFEAE12B8A048B0081183B /* ContentView.swift */; };
		A0DFEAE42B8A048C0081183B /* Assets.xcassets in Resources */ = {isa = PBXBuildFile; fileRef = A0DFEAE32B8A048C0081183B /* Assets.xcassets */; };
		A0DFEAE82B8A048C0081183B /* Preview Assets.xcassets in Resources */ = {isa = PBXBuildFile; fileRef = A0DFEAE72B8A048C0081183B /* Preview Assets.xcassets */; };
/* End PBXBuildFile section */

/* Begin PBXFileReference section */
		A06373172B8CA64B00F845CE /* SearchSheet.swift */ = {isa = PBXFileReference; lastKnownFileType = sourcecode.swift; path = SearchSheet.swift; sourceTree = "<group>"; };
		A068A12C2B8E561500120106 /* SongView.swift */ = {isa = PBXFileReference; lastKnownFileType = sourcecode.swift; path = SongView.swift; sourceTree = "<group>"; };
		A068A1352B8E71DF00120106 /* MusicScreen.swift */ = {isa = PBXFileReference; lastKnownFileType = sourcecode.swift; path = MusicScreen.swift; sourceTree = "<group>"; };
		A078D7FB2B8B599300AAE518 /* Search.swift */ = {isa = PBXFileReference; lastKnownFileType = sourcecode.swift; path = Search.swift; sourceTree = "<group>"; };
		A078D7FD2B8B5AD500AAE518 /* Home.swift */ = {isa = PBXFileReference; lastKnownFileType = sourcecode.swift; path = Home.swift; sourceTree = "<group>"; };
		A078D7FF2B8B5ADF00AAE518 /* Libary.swift */ = {isa = PBXFileReference; lastKnownFileType = sourcecode.swift; path = Libary.swift; sourceTree = "<group>"; };
		A078D8042B8B5D7100AAE518 /* RecentlyPlayed.swift */ = {isa = PBXFileReference; lastKnownFileType = sourcecode.swift; path = RecentlyPlayed.swift; sourceTree = "<group>"; };
		A078D8062B8B5D9600AAE518 /* PopularRadios.swift */ = {isa = PBXFileReference; lastKnownFileType = sourcecode.swift; path = PopularRadios.swift; sourceTree = "<group>"; };
		A078D8082B8B5DB200AAE518 /* ForFansOf.swift */ = {isa = PBXFileReference; lastKnownFileType = sourcecode.swift; path = ForFansOf.swift; sourceTree = "<group>"; };
		A0844C342B8BB83D00C29FA3 /* Music.swift */ = {isa = PBXFileReference; lastKnownFileType = sourcecode.swift; path = Music.swift; sourceTree = "<group>"; };
		A0844C362B8BB92C00C29FA3 /* Podcasts.swift */ = {isa = PBXFileReference; lastKnownFileType = sourcecode.swift; path = Podcasts.swift; sourceTree = "<group>"; };
		A0DFEADC2B8A048B0081183B /* SpotifyClone.app */ = {isa = PBXFileReference; explicitFileType = wrapper.application; includeInIndex = 0; path = SpotifyClone.app; sourceTree = BUILT_PRODUCTS_DIR; };
		A0DFEADF2B8A048B0081183B /* SpotifyCloneApp.swift */ = {isa = PBXFileReference; lastKnownFileType = sourcecode.swift; path = SpotifyCloneApp.swift; sourceTree = "<group>"; };
		A0DFEAE12B8A048B0081183B /* ContentView.swift */ = {isa = PBXFileReference; lastKnownFileType = sourcecode.swift; path = ContentView.swift; sourceTree = "<group>"; };
		A0DFEAE32B8A048C0081183B /* Assets.xcassets */ = {isa = PBXFileReference; lastKnownFileType = folder.assetcatalog; path = Assets.xcassets; sourceTree = "<group>"; };
		A0DFEAE52B8A048C0081183B /* SpotifyClone.entitlements */ = {isa = PBXFileReference; lastKnownFileType = text.plist.entitlements; path = SpotifyClone.entitlements; sourceTree = "<group>"; };
		A0DFEAE72B8A048C0081183B /* Preview Assets.xcassets */ = {isa = PBXFileReference; lastKnownFileType = folder.assetcatalog; path = "Preview Assets.xcassets"; sourceTree = "<group>"; };
/* End PBXFileReference section */

/* Begin PBXFrameworksBuildPhase section */
		A0DFEAD92B8A048B0081183B /* Frameworks */ = {
			isa = PBXFrameworksBuildPhase;
			buildActionMask = 2147483647;
			files = (
			);
			runOnlyForDeploymentPostprocessing = 0;
		};
/* End PBXFrameworksBuildPhase section */

/* Begin PBXGroup section */
		A01438852B8C79D200B6A289 /* Library */ = {
			isa = PBXGroup;
			children = (
				A078D7FF2B8B5ADF00AAE518 /* Libary.swift */,
				A0844C342B8BB83D00C29FA3 /* Music.swift */,
				A0844C362B8BB92C00C29FA3 /* Podcasts.swift */,
			);
			path = Library;
			sourceTree = "<group>";
		};
		A06373162B8CA62600F845CE /* Search */ = {
			isa = PBXGroup;
			children = (
				A078D7FB2B8B599300AAE518 /* Search.swift */,
				A06373172B8CA64B00F845CE /* SearchSheet.swift */,
			);
			path = Search;
			sourceTree = "<group>";
		};
		A068A12A2B8E55DD00120106 /* RecentlyPlayed */ = {
			isa = PBXGroup;
			children = (
				A078D8042B8B5D7100AAE518 /* RecentlyPlayed.swift */,
			);
			path = RecentlyPlayed;
			sourceTree = "<group>";
		};
		A068A12E2B8E56A100120106 /* HomeView */ = {
			isa = PBXGroup;
			children = (
				A068A1342B8E71B200120106 /* MusicScreen */,
				A068A1332B8E59B100120106 /* Common */,
				A078D7FD2B8B5AD500AAE518 /* Home.swift */,
				A068A1312B8E578400120106 /* ForFansOf */,
				A068A12F2B8E575600120106 /* PopulerRadios */,
				A068A12A2B8E55DD00120106 /* RecentlyPlayed */,
			);
			path = HomeView;
			sourceTree = "<group>";
		};
		A068A12F2B8E575600120106 /* PopulerRadios */ = {
			isa = PBXGroup;
			children = (
				A078D8062B8B5D9600AAE518 /* PopularRadios.swift */,
			);
			path = PopulerRadios;
			sourceTree = "<group>";
		};
		A068A1312B8E578400120106 /* ForFansOf */ = {
			isa = PBXGroup;
			children = (
				A078D8082B8B5DB200AAE518 /* ForFansOf.swift */,
			);
			path = ForFansOf;
			sourceTree = "<group>";
		};
		A068A1332B8E59B100120106 /* Common */ = {
			isa = PBXGroup;
			children = (
				A068A12C2B8E561500120106 /* SongView.swift */,
			);
			path = Common;
			sourceTree = "<group>";
		};
		A068A1342B8E71B200120106 /* MusicScreen */ = {
			isa = PBXGroup;
			children = (
				A068A1352B8E71DF00120106 /* MusicScreen.swift */,
			);
			path = MusicScreen;
			sourceTree = "<group>";
		};
		A078D8012B8B5D0400AAE518 /* MenuBar */ = {
			isa = PBXGroup;
			children = (
				A068A12E2B8E56A100120106 /* HomeView */,
				A06373162B8CA62600F845CE /* Search */,
				A01438852B8C79D200B6A289 /* Library */,
			);
			path = MenuBar;
			sourceTree = "<group>";
		};
		A0DFEAD32B8A048B0081183B = {
			isa = PBXGroup;
			children = (
				A0DFEADE2B8A048B0081183B /* SpotifyClone */,
				A0DFEADD2B8A048B0081183B /* Products */,
			);
			sourceTree = "<group>";
		};
		A0DFEADD2B8A048B0081183B /* Products */ = {
			isa = PBXGroup;
			children = (
				A0DFEADC2B8A048B0081183B /* SpotifyClone.app */,
			);
			name = Products;
			sourceTree = "<group>";
		};
		A0DFEADE2B8A048B0081183B /* SpotifyClone */ = {
			isa = PBXGroup;
			children = (
				A078D8012B8B5D0400AAE518 /* MenuBar */,
				A0DFEADF2B8A048B0081183B /* SpotifyCloneApp.swift */,
				A0DFEAE12B8A048B0081183B /* ContentView.swift */,
				A0DFEAE32B8A048C0081183B /* Assets.xcassets */,
				A0DFEAE52B8A048C0081183B /* SpotifyClone.entitlements */,
				A0DFEAE62B8A048C0081183B /* Preview Content */,
			);
			path = SpotifyClone;
			sourceTree = "<group>";
		};
		A0DFEAE62B8A048C0081183B /* Preview Content */ = {
			isa = PBXGroup;
			children = (
				A0DFEAE72B8A048C0081183B /* Preview Assets.xcassets */,
			);
			path = "Preview Content";
			sourceTree = "<group>";
		};
/* End PBXGroup section */

/* Begin PBXNativeTarget section */
		A0DFEADB2B8A048B0081183B /* SpotifyClone */ = {
			isa = PBXNativeTarget;
			buildConfigurationList = A0DFEAEB2B8A048C0081183B /* Build configuration list for PBXNativeTarget "SpotifyClone" */;
			buildPhases = (
				A0DFEAD82B8A048B0081183B /* Sources */,
				A0DFEAD92B8A048B0081183B /* Frameworks */,
				A0DFEADA2B8A048B0081183B /* Resources */,
			);
			buildRules = (
			);
			dependencies = (
			);
			name = SpotifyClone;
			productName = SpotifyClone;
			productReference = A0DFEADC2B8A048B0081183B /* SpotifyClone.app */;
			productType = "com.apple.product-type.application";
		};
/* End PBXNativeTarget section */

/* Begin PBXProject section */
		A0DFEAD42B8A048B0081183B /* Project object */ = {
			isa = PBXProject;
			attributes = {
				BuildIndependentTargetsInParallel = 1;
				LastSwiftUpdateCheck = 1520;
				LastUpgradeCheck = 1520;
				TargetAttributes = {
					A0DFEADB2B8A048B0081183B = {
						CreatedOnToolsVersion = 15.2;
					};
				};
			};
			buildConfigurationList = A0DFEAD72B8A048B0081183B /* Build configuration list for PBXProject "SpotifyClone" */;
			compatibilityVersion = "Xcode 14.0";
			developmentRegion = en;
			hasScannedForEncodings = 0;
			knownRegions = (
				en,
				Base,
			);
			mainGroup = A0DFEAD32B8A048B0081183B;
			productRefGroup = A0DFEADD2B8A048B0081183B /* Products */;
			projectDirPath = "";
			projectRoot = "";
			targets = (
				A0DFEADB2B8A048B0081183B /* SpotifyClone */,
			);
		};
/* End PBXProject section */

/* Begin PBXResourcesBuildPhase section */
		A0DFEADA2B8A048B0081183B /* Resources */ = {
			isa = PBXResourcesBuildPhase;
			buildActionMask = 2147483647;
			files = (
				A0DFEAE82B8A048C0081183B /* Preview Assets.xcassets in Resources */,
				A0DFEAE42B8A048C0081183B /* Assets.xcassets in Resources */,
			);
			runOnlyForDeploymentPostprocessing = 0;
		};
/* End PBXResourcesBuildPhase section */

/* Begin PBXSourcesBuildPhase section */
		A0DFEAD82B8A048B0081183B /* Sources */ = {
			isa = PBXSourcesBuildPhase;
			buildActionMask = 2147483647;
			files = (
				A078D8052B8B5D7100AAE518 /* RecentlyPlayed.swift in Sources */,
				A078D8002B8B5ADF00AAE518 /* Libary.swift in Sources */,
				A078D7FC2B8B599300AAE518 /* Search.swift in Sources */,
				A068A12D2B8E561500120106 /* SongView.swift in Sources */,
				A0DFEAE22B8A048B0081183B /* ContentView.swift in Sources */,
				A06373182B8CA64B00F845CE /* SearchSheet.swift in Sources */,
				A0844C372B8BB92C00C29FA3 /* Podcasts.swift in Sources */,
				A078D7FE2B8B5AD500AAE518 /* Home.swift in Sources */,
				A068A1362B8E71DF00120106 /* MusicScreen.swift in Sources */,
				A0844C352B8BB83D00C29FA3 /* Music.swift in Sources */,
				A078D8072B8B5D9600AAE518 /* PopularRadios.swift in Sources */,
				A078D8092B8B5DB200AAE518 /* ForFansOf.swift in Sources */,
				A0DFEAE02B8A048B0081183B /* SpotifyCloneApp.swift in Sources */,
			);
			runOnlyForDeploymentPostprocessing = 0;
		};
/* End PBXSourcesBuildPhase section */

/* Begin XCBuildConfiguration section */
		A0DFEAE92B8A048C0081183B /* Debug */ = {
			isa = XCBuildConfiguration;
			buildSettings = {
				ALWAYS_SEARCH_USER_PATHS = NO;
				ASSETCATALOG_COMPILER_GENERATE_SWIFT_ASSET_SYMBOL_EXTENSIONS = YES;
				CLANG_ANALYZER_NONNULL = YES;
				CLANG_ANALYZER_NUMBER_OBJECT_CONVERSION = YES_AGGRESSIVE;
				CLANG_CXX_LANGUAGE_STANDARD = "gnu++20";
				CLANG_ENABLE_MODULES = YES;
				CLANG_ENABLE_OBJC_ARC = YES;
				CLANG_ENABLE_OBJC_WEAK = YES;
				CLANG_WARN_BLOCK_CAPTURE_AUTORELEASING = YES;
				CLANG_WARN_BOOL_CONVERSION = YES;
				CLANG_WARN_COMMA = YES;
				CLANG_WARN_CONSTANT_CONVERSION = YES;
				CLANG_WARN_DEPRECATED_OBJC_IMPLEMENTATIONS = YES;
				CLANG_WARN_DIRECT_OBJC_ISA_USAGE = YES_ERROR;
				CLANG_WARN_DOCUMENTATION_COMMENTS = YES;
				CLANG_WARN_EMPTY_BODY = YES;
				CLANG_WARN_ENUM_CONVERSION = YES;
				CLANG_WARN_INFINITE_RECURSION = YES;
				CLANG_WARN_INT_CONVERSION = YES;
				CLANG_WARN_NON_LITERAL_NULL_CONVERSION = YES;
				CLANG_WARN_OBJC_IMPLICIT_RETAIN_SELF = YES;
				CLANG_WARN_OBJC_LITERAL_CONVERSION = YES;
				CLANG_WARN_OBJC_ROOT_CLASS = YES_ERROR;
				CLANG_WARN_QUOTED_INCLUDE_IN_FRAMEWORK_HEADER = YES;
				CLANG_WARN_RANGE_LOOP_ANALYSIS = YES;
				CLANG_WARN_STRICT_PROTOTYPES = YES;
				CLANG_WARN_SUSPICIOUS_MOVE = YES;
				CLANG_WARN_UNGUARDED_AVAILABILITY = YES_AGGRESSIVE;
				CLANG_WARN_UNREACHABLE_CODE = YES;
				CLANG_WARN__DUPLICATE_METHOD_MATCH = YES;
				COPY_PHASE_STRIP = NO;
				DEBUG_INFORMATION_FORMAT = dwarf;
				ENABLE_STRICT_OBJC_MSGSEND = YES;
				ENABLE_TESTABILITY = YES;
				ENABLE_USER_SCRIPT_SANDBOXING = YES;
				GCC_C_LANGUAGE_STANDARD = gnu17;
				GCC_DYNAMIC_NO_PIC = NO;
				GCC_NO_COMMON_BLOCKS = YES;
				GCC_OPTIMIZATION_LEVEL = 0;
				GCC_PREPROCESSOR_DEFINITIONS = (
					"DEBUG=1",
					"$(inherited)",
				);
				GCC_WARN_64_TO_32_BIT_CONVERSION = YES;
				GCC_WARN_ABOUT_RETURN_TYPE = YES_ERROR;
				GCC_WARN_UNDECLARED_SELECTOR = YES;
				GCC_WARN_UNINITIALIZED_AUTOS = YES_AGGRESSIVE;
				GCC_WARN_UNUSED_FUNCTION = YES;
				GCC_WARN_UNUSED_VARIABLE = YES;
				LOCALIZATION_PREFERS_STRING_CATALOGS = YES;
				MTL_ENABLE_DEBUG_INFO = INCLUDE_SOURCE;
				MTL_FAST_MATH = YES;
				ONLY_ACTIVE_ARCH = YES;
				SWIFT_ACTIVE_COMPILATION_CONDITIONS = "DEBUG $(inherited)";
				SWIFT_OPTIMIZATION_LEVEL = "-Onone";
			};
			name = Debug;
		};
		A0DFEAEA2B8A048C0081183B /* Release */ = {
			isa = XCBuildConfiguration;
			buildSettings = {
				ALWAYS_SEARCH_USER_PATHS = NO;
				ASSETCATALOG_COMPILER_GENERATE_SWIFT_ASSET_SYMBOL_EXTENSIONS = YES;
				CLANG_ANALYZER_NONNULL = YES;
				CLANG_ANALYZER_NUMBER_OBJECT_CONVERSION = YES_AGGRESSIVE;
				CLANG_CXX_LANGUAGE_STANDARD = "gnu++20";
				CLANG_ENABLE_MODULES = YES;
				CLANG_ENABLE_OBJC_ARC = YES;
				CLANG_ENABLE_OBJC_WEAK = YES;
				CLANG_WARN_BLOCK_CAPTURE_AUTORELEASING = YES;
				CLANG_WARN_BOOL_CONVERSION = YES;
				CLANG_WARN_COMMA = YES;
				CLANG_WARN_CONSTANT_CONVERSION = YES;
				CLANG_WARN_DEPRECATED_OBJC_IMPLEMENTATIONS = YES;
				CLANG_WARN_DIRECT_OBJC_ISA_USAGE = YES_ERROR;
				CLANG_WARN_DOCUMENTATION_COMMENTS = YES;
				CLANG_WARN_EMPTY_BODY = YES;
				CLANG_WARN_ENUM_CONVERSION = YES;
				CLANG_WARN_INFINITE_RECURSION = YES;
				CLANG_WARN_INT_CONVERSION = YES;
				CLANG_WARN_NON_LITERAL_NULL_CONVERSION = YES;
				CLANG_WARN_OBJC_IMPLICIT_RETAIN_SELF = YES;
				CLANG_WARN_OBJC_LITERAL_CONVERSION = YES;
				CLANG_WARN_OBJC_ROOT_CLASS = YES_ERROR;
				CLANG_WARN_QUOTED_INCLUDE_IN_FRAMEWORK_HEADER = YES;
				CLANG_WARN_RANGE_LOOP_ANALYSIS = YES;
				CLANG_WARN_STRICT_PROTOTYPES = YES;
				CLANG_WARN_SUSPICIOUS_MOVE = YES;
				CLANG_WARN_UNGUARDED_AVAILABILITY = YES_AGGRESSIVE;
				CLANG_WARN_UNREACHABLE_CODE = YES;
				CLANG_WARN__DUPLICATE_METHOD_MATCH = YES;
				COPY_PHASE_STRIP = NO;
				DEBUG_INFORMATION_FORMAT = "dwarf-with-dsym";
				ENABLE_NS_ASSERTIONS = NO;
				ENABLE_STRICT_OBJC_MSGSEND = YES;
				ENABLE_USER_SCRIPT_SANDBOXING = YES;
				GCC_C_LANGUAGE_STANDARD = gnu17;
				GCC_NO_COMMON_BLOCKS = YES;
				GCC_WARN_64_TO_32_BIT_CONVERSION = YES;
				GCC_WARN_ABOUT_RETURN_TYPE = YES_ERROR;
				GCC_WARN_UNDECLARED_SELECTOR = YES;
				GCC_WARN_UNINITIALIZED_AUTOS = YES_AGGRESSIVE;
				GCC_WARN_UNUSED_FUNCTION = YES;
				GCC_WARN_UNUSED_VARIABLE = YES;
				LOCALIZATION_PREFERS_STRING_CATALOGS = YES;
				MTL_ENABLE_DEBUG_INFO = NO;
				MTL_FAST_MATH = YES;
				SWIFT_COMPILATION_MODE = wholemodule;
			};
			name = Release;
		};
		A0DFEAEC2B8A048C0081183B /* Debug */ = {
			isa = XCBuildConfiguration;
			buildSettings = {
				ASSETCATALOG_COMPILER_APPICON_NAME = AppIcon;
				ASSETCATALOG_COMPILER_GLOBAL_ACCENT_COLOR_NAME = AccentColor;
				CODE_SIGN_ENTITLEMENTS = SpotifyClone/SpotifyClone.entitlements;
				CODE_SIGN_STYLE = Automatic;
				CURRENT_PROJECT_VERSION = 1;
				DEVELOPMENT_ASSET_PATHS = "\"SpotifyClone/Preview Content\"";
				ENABLE_PREVIEWS = YES;
				GENERATE_INFOPLIST_FILE = YES;
				"INFOPLIST_KEY_UIApplicationSceneManifest_Generation[sdk=iphoneos*]" = YES;
				"INFOPLIST_KEY_UIApplicationSceneManifest_Generation[sdk=iphonesimulator*]" = YES;
				"INFOPLIST_KEY_UIApplicationSupportsIndirectInputEvents[sdk=iphoneos*]" = YES;
				"INFOPLIST_KEY_UIApplicationSupportsIndirectInputEvents[sdk=iphonesimulator*]" = YES;
				"INFOPLIST_KEY_UILaunchScreen_Generation[sdk=iphoneos*]" = YES;
				"INFOPLIST_KEY_UILaunchScreen_Generation[sdk=iphonesimulator*]" = YES;
				"INFOPLIST_KEY_UIStatusBarStyle[sdk=iphoneos*]" = UIStatusBarStyleDefault;
				"INFOPLIST_KEY_UIStatusBarStyle[sdk=iphonesimulator*]" = UIStatusBarStyleDefault;
				INFOPLIST_KEY_UISupportedInterfaceOrientations_iPad = "UIInterfaceOrientationPortrait UIInterfaceOrientationPortraitUpsideDown UIInterfaceOrientationLandscapeLeft UIInterfaceOrientationLandscapeRight";
				INFOPLIST_KEY_UISupportedInterfaceOrientations_iPhone = "UIInterfaceOrientationPortrait UIInterfaceOrientationLandscapeLeft UIInterfaceOrientationLandscapeRight";
				IPHONEOS_DEPLOYMENT_TARGET = 17.2;
				LD_RUNPATH_SEARCH_PATHS = "@executable_path/Frameworks";
				"LD_RUNPATH_SEARCH_PATHS[sdk=macosx*]" = "@executable_path/../Frameworks";
				MACOSX_DEPLOYMENT_TARGET = 14.0;
				MARKETING_VERSION = 1.0;
				PRODUCT_BUNDLE_IDENTIFIER = com.myorganization.SpotifyClone;
				PRODUCT_NAME = "$(TARGET_NAME)";
				SDKROOT = auto;
				SUPPORTED_PLATFORMS = "iphoneos iphonesimulator macosx";
				SWIFT_EMIT_LOC_STRINGS = YES;
				SWIFT_VERSION = 5.0;
				TARGETED_DEVICE_FAMILY = "1,2";
			};
			name = Debug;
		};
		A0DFEAED2B8A048C0081183B /* Release */ = {
			isa = XCBuildConfiguration;
			buildSettings = {
				ASSETCATALOG_COMPILER_APPICON_NAME = AppIcon;
				ASSETCATALOG_COMPILER_GLOBAL_ACCENT_COLOR_NAME = AccentColor;
				CODE_SIGN_ENTITLEMENTS = SpotifyClone/SpotifyClone.entitlements;
				CODE_SIGN_STYLE = Automatic;
				CURRENT_PROJECT_VERSION = 1;
				DEVELOPMENT_ASSET_PATHS = "\"SpotifyClone/Preview Content\"";
				ENABLE_PREVIEWS = YES;
				GENERATE_INFOPLIST_FILE = YES;
				"INFOPLIST_KEY_UIApplicationSceneManifest_Generation[sdk=iphoneos*]" = YES;
				"INFOPLIST_KEY_UIApplicationSceneManifest_Generation[sdk=iphonesimulator*]" = YES;
				"INFOPLIST_KEY_UIApplicationSupportsIndirectInputEvents[sdk=iphoneos*]" = YES;
				"INFOPLIST_KEY_UIApplicationSupportsIndirectInputEvents[sdk=iphonesimulator*]" = YES;
				"INFOPLIST_KEY_UILaunchScreen_Generation[sdk=iphoneos*]" = YES;
				"INFOPLIST_KEY_UILaunchScreen_Generation[sdk=iphonesimulator*]" = YES;
				"INFOPLIST_KEY_UIStatusBarStyle[sdk=iphoneos*]" = UIStatusBarStyleDefault;
				"INFOPLIST_KEY_UIStatusBarStyle[sdk=iphonesimulator*]" = UIStatusBarStyleDefault;
				INFOPLIST_KEY_UISupportedInterfaceOrientations_iPad = "UIInterfaceOrientationPortrait UIInterfaceOrientationPortraitUpsideDown UIInterfaceOrientationLandscapeLeft UIInterfaceOrientationLandscapeRight";
				INFOPLIST_KEY_UISupportedInterfaceOrientations_iPhone = "UIInterfaceOrientationPortrait UIInterfaceOrientationLandscapeLeft UIInterfaceOrientationLandscapeRight";
				IPHONEOS_DEPLOYMENT_TARGET = 17.2;
				LD_RUNPATH_SEARCH_PATHS = "@executable_path/Frameworks";
				"LD_RUNPATH_SEARCH_PATHS[sdk=macosx*]" = "@executable_path/../Frameworks";
				MACOSX_DEPLOYMENT_TARGET = 14.0;
				MARKETING_VERSION = 1.0;
				PRODUCT_BUNDLE_IDENTIFIER = com.myorganization.SpotifyClone;
				PRODUCT_NAME = "$(TARGET_NAME)";
				SDKROOT = auto;
				SUPPORTED_PLATFORMS = "iphoneos iphonesimulator macosx";
				SWIFT_EMIT_LOC_STRINGS = YES;
				SWIFT_VERSION = 5.0;
				TARGETED_DEVICE_FAMILY = "1,2";
			};
			name = Release;
		};
/* End XCBuildConfiguration section */

/* Begin XCConfigurationList section */
		A0DFEAD72B8A048B0081183B /* Build configuration list for PBXProject "SpotifyClone" */ = {
			isa = XCConfigurationList;
			buildConfigurations = (
				A0DFEAE92B8A048C0081183B /* Debug */,
				A0DFEAEA2B8A048C0081183B /* Release */,
			);
			defaultConfigurationIsVisible = 0;
			defaultConfigurationName = Release;
		};
		A0DFEAEB2B8A048C0081183B /* Build configuration list for PBXNativeTarget "SpotifyClone" */ = {
			isa = XCConfigurationList;
			buildConfigurations = (
				A0DFEAEC2B8A048C0081183B /* Debug */,
				A0DFEAED2B8A048C0081183B /* Release */,
			);
			defaultConfigurationIsVisible = 0;
			defaultConfigurationName = Release;
		};
/* End XCConfigurationList section */
	};
	rootObject = A0DFEAD42B8A048B0081183B /* Project object */;
}
